
Microsoft Visual Studio Solution File, Format Version 12.00
# Visual Studio Version 17
VisualStudioVersion = 17.0.31611.283
MinimumVisualStudioVersion = 10.0.40219.1
Project("{9A19103F-16F7-4668-BE54-9A1E7A4F7556}") = "PSTouchExpress", "PSTouchExpress\PSTouchExpress.csproj", "{9F8BBD31-55AF-4391-8113-B74E88994BA7}"
EndProject
Project("{9A19103F-16F7-4668-BE54-9A1E7A4F7556}") = "NNN.Core.Presentation.MAUI", "NNN.Core.Presentation.MAUI\NNN.Core.Presentation.MAUI.csproj", "{6D949FE6-114B-45F4-854C-12BE242490F7}"
EndProject
Global
	GlobalSection(SolutionConfigurationPlatforms) = preSolution
		Debug|Any CPU = Debug|Any CPU
		Release|Any CPU = Release|Any CPU
		ReleaseSDKMatlab|Any CPU = ReleaseSDKMatlab|Any CPU
		ReleaseUWP|Any CPU = ReleaseUWP|Any CPU
	EndGlobalSection
	GlobalSection(ProjectConfigurationPlatforms) = postSolution
		{9F8BBD31-55AF-4391-8113-B74E88994BA7}.Debug|Any CPU.ActiveCfg = Debug|Any CPU
		{9F8BBD31-55AF-4391-8113-B74E88994BA7}.Debug|Any CPU.Build.0 = Debug|Any CPU
		{9F8BBD31-55AF-4391-8113-B74E88994BA7}.Debug|Any CPU.Deploy.0 = Debug|Any CPU
		{9F8BBD31-55AF-4391-8113-B74E88994BA7}.Release|Any CPU.ActiveCfg = Release|Any CPU
		{9F8BBD31-55AF-4391-8113-B74E88994BA7}.Release|Any CPU.Build.0 = Release|Any CPU
		{9F8BBD31-55AF-4391-8113-B74E88994BA7}.Release|Any CPU.Deploy.0 = Release|Any CPU
		{9F8BBD31-55AF-4391-8113-B74E88994BA7}.ReleaseSDKMatlab|Any CPU.ActiveCfg = Release|Any CPU
		{9F8BBD31-55AF-4391-8113-B74E88994BA7}.ReleaseSDKMatlab|Any CPU.Build.0 = Release|Any CPU
		{9F8BBD31-55AF-4391-8113-B74E88994BA7}.ReleaseSDKMatlab|Any CPU.Deploy.0 = Release|Any CPU
		{9F8BBD31-55AF-4391-8113-B74E88994BA7}.ReleaseUWP|Any CPU.ActiveCfg = Release|Any CPU
		{9F8BBD31-55AF-4391-8113-B74E88994BA7}.ReleaseUWP|Any CPU.Build.0 = Release|Any CPU
		{9F8BBD31-55AF-4391-8113-B74E88994BA7}.ReleaseUWP|Any CPU.Deploy.0 = Release|Any CPU
		{6D949FE6-114B-45F4-854C-12BE242490F7}.Debug|Any CPU.ActiveCfg = Debug|Any CPU
		{6D949FE6-114B-45F4-854C-12BE242490F7}.Debug|Any CPU.Build.0 = Debug|Any CPU
		{6D949FE6-114B-45F4-854C-12BE242490F7}.Release|Any CPU.ActiveCfg = Release|Any CPU
		{6D949FE6-114B-45F4-854C-12BE242490F7}.Release|Any CPU.Build.0 = Release|Any CPU
		{6D949FE6-114B-45F4-854C-12BE242490F7}.ReleaseSDKMatlab|Any CPU.ActiveCfg = Release|Any CPU
		{6D949FE6-114B-45F4-854C-12BE242490F7}.ReleaseSDKMatlab|Any CPU.Build.0 = Release|Any CPU
		{6D949FE6-114B-45F4-854C-12BE242490F7}.ReleaseUWP|Any CPU.ActiveCfg = Release|Any CPU
		{6D949FE6-114B-45F4-854C-12BE242490F7}.ReleaseUWP|Any CPU.Build.0 = Release|Any CPU
	EndGlobalSection
	GlobalSection(SolutionProperties) = preSolution
		HideSolutionNode = FALSE
	EndGlobalSection
	GlobalSection(ExtensibilityGlobals) = postSolution
		SolutionGuid = {61F7FB11-1E47-470C-91E2-47F8143E1572}
	EndGlobalSection
EndGlobal
